
Microsoft Visual Studio Solution File, Format Version 12.00
# Visual Studio Version 16
VisualStudioVersion = 16.0.30804.86
MinimumVisualStudioVersion = 10.0.40219.1
Project("{FAE04EC0-301F-11D3-BF4B-00C04F79EFBC}") = "Flour_Calculator", "Flour_Calculator.csproj", "{A3D30331-25CE-4234-BAA9-FE2728D99EAC}"
EndProject
Global
	GlobalSection(SolutionConfigurationPlatforms) = preSolution
		Debug|Any CPU = Debug|Any CPU
		Release|Any CPU = Release|Any CPU
	EndGlobalSection
	GlobalSection(ProjectConfigurationPlatforms) = postSolution
		{A3D30331-25CE-4234-BAA9-FE2728D99EAC}.Debug|Any CPU.ActiveCfg = Debug|Any CPU
		{A3D30331-25CE-4234-BAA9-FE2728D99EAC}.Debug|Any CPU.Build.0 = Debug|Any CPU
		{A3D30331-25CE-4234-BAA9-FE2728D99EAC}.Release|Any CPU.ActiveCfg = Release|Any CPU
		{A3D30331-25CE-4234-BAA9-FE2728D99EAC}.Release|Any CPU.Build.0 = Release|Any CPU
	EndGlobalSection
	GlobalSection(SolutionProperties) = preSolution
		HideSolutionNode = FALSE
	EndGlobalSection
	GlobalSection(ExtensibilityGlobals) = postSolution
		SolutionGuid = {5F28741F-D1FE-445E-9591-EF86C9E43B97}
	EndGlobalSection
EndGlobal
